{
  "name": "icingaweb2-module-graphs",
  "lockfileVersion": 3,
  "requires": true,
  "packages": {
    "": {
      "dependencies": {
        "uplot": "^1.6.31"
      }
    },
    "node_modules/uplot": {
      "version": "1.6.31",
      "resolved": "https://registry.npmjs.org/uplot/-/uplot-1.6.31.tgz",
      "integrity": "sha512-sQZqSwVCbJGnFB4IQjQYopzj5CoTZJ4Br1fG/xdONimqgHmsacvCjNesdGDypNKFbrhLGIeshYhy89FxPF+H+w=="
    }
  }
}
